
Microsoft Visual Studio Solution File, Format Version 12.00
# Visual Studio Version 17
VisualStudioVersion = 17.0.31903.59
MinimumVisualStudioVersion = 10.0.40219.1
Project("{2150E333-8FDC-42A3-9474-1A3956D46DE8}") = "BlogApp", "BlogApp", "{0E9327E3-BF46-4BAE-B08D-5FCCE97535F3}"
EndProject
Project("{2150E333-8FDC-42A3-9474-1A3956D46DE8}") = "src", "src", "{9623B7C2-FA6E-44B0-AE81-877FB08001B6}"
EndProject
Project("{FAE04EC0-301F-11D3-BF4B-00C04F79EFBC}") = "BlogApp.Core", "BlogApp\src\BlogApp.Core\BlogApp.Core.csproj", "{27943DC2-ECA1-4000-B81D-5D1C3E6BB879}"
EndProject
Project("{FAE04EC0-301F-11D3-BF4B-00C04F79EFBC}") = "BlogApp.Infrastructure", "BlogApp\src\BlogApp.Infrastructure\BlogApp.Infrastructure.csproj", "{A33832E7-B96E-4DA7-B287-D68144C63AFF}"
EndProject
Project("{FAE04EC0-301F-11D3-BF4B-00C04F79EFBC}") = "BlogApp.Presentation", "BlogApp\src\BlogApp.Presentation\BlogApp.Presentation.csproj", "{EB022167-42BA-43B9-B924-8C2BD44B7FE0}"
EndProject
Global
	GlobalSection(SolutionConfigurationPlatforms) = preSolution
		Debug|Any CPU = Debug|Any CPU
		Release|Any CPU = Release|Any CPU
	EndGlobalSection
	GlobalSection(SolutionProperties) = preSolution
		HideSolutionNode = FALSE
	EndGlobalSection
	GlobalSection(ProjectConfigurationPlatforms) = postSolution
		{27943DC2-ECA1-4000-B81D-5D1C3E6BB879}.Debug|Any CPU.ActiveCfg = Debug|Any CPU
		{27943DC2-ECA1-4000-B81D-5D1C3E6BB879}.Debug|Any CPU.Build.0 = Debug|Any CPU
		{27943DC2-ECA1-4000-B81D-5D1C3E6BB879}.Release|Any CPU.ActiveCfg = Release|Any CPU
		{27943DC2-ECA1-4000-B81D-5D1C3E6BB879}.Release|Any CPU.Build.0 = Release|Any CPU
		{A33832E7-B96E-4DA7-B287-D68144C63AFF}.Debug|Any CPU.ActiveCfg = Debug|Any CPU
		{A33832E7-B96E-4DA7-B287-D68144C63AFF}.Debug|Any CPU.Build.0 = Debug|Any CPU
		{A33832E7-B96E-4DA7-B287-D68144C63AFF}.Release|Any CPU.ActiveCfg = Release|Any CPU
		{A33832E7-B96E-4DA7-B287-D68144C63AFF}.Release|Any CPU.Build.0 = Release|Any CPU
		{EB022167-42BA-43B9-B924-8C2BD44B7FE0}.Debug|Any CPU.ActiveCfg = Debug|Any CPU
		{EB022167-42BA-43B9-B924-8C2BD44B7FE0}.Debug|Any CPU.Build.0 = Debug|Any CPU
		{EB022167-42BA-43B9-B924-8C2BD44B7FE0}.Release|Any CPU.ActiveCfg = Release|Any CPU
		{EB022167-42BA-43B9-B924-8C2BD44B7FE0}.Release|Any CPU.Build.0 = Release|Any CPU
	EndGlobalSection
	GlobalSection(NestedProjects) = preSolution
		{9623B7C2-FA6E-44B0-AE81-877FB08001B6} = {0E9327E3-BF46-4BAE-B08D-5FCCE97535F3}
		{27943DC2-ECA1-4000-B81D-5D1C3E6BB879} = {9623B7C2-FA6E-44B0-AE81-877FB08001B6}
		{A33832E7-B96E-4DA7-B287-D68144C63AFF} = {9623B7C2-FA6E-44B0-AE81-877FB08001B6}
		{EB022167-42BA-43B9-B924-8C2BD44B7FE0} = {9623B7C2-FA6E-44B0-AE81-877FB08001B6}
	EndGlobalSection
EndGlobal
