
Microsoft Visual Studio Solution File, Format Version 12.00
# Visual Studio Version 17
VisualStudioVersion = 17.0.31903.59
MinimumVisualStudioVersion = 10.0.40219.1
Project("{FAE04EC0-301F-11D3-BF4B-00C04F79EFBC}") = "BlogApp.Core", "BlogApp.Core\BlogApp.Core.csproj", "{DC35A78C-C460-47A3-B860-3952F083814C}"
EndProject
Project("{FAE04EC0-301F-11D3-BF4B-00C04F79EFBC}") = "BlogApp.Infrastructure", "BlogApp.Infrastructure\BlogApp.Infrastructure.csproj", "{27F5BE38-27D0-480F-8C12-D4C724C6CD1E}"
EndProject
Project("{FAE04EC0-301F-11D3-BF4B-00C04F79EFBC}") = "BlogApp.Prsentation", "BlogApp.Presentation\BlogApp.Prsentation.csproj", "{90F7755D-922C-4D97-B102-D45B74709C02}"
EndProject
Global
	GlobalSection(SolutionConfigurationPlatforms) = preSolution
		Debug|Any CPU = Debug|Any CPU
		Release|Any CPU = Release|Any CPU
	EndGlobalSection
	GlobalSection(SolutionProperties) = preSolution
		HideSolutionNode = FALSE
	EndGlobalSection
	GlobalSection(ProjectConfigurationPlatforms) = postSolution
		{DC35A78C-C460-47A3-B860-3952F083814C}.Debug|Any CPU.ActiveCfg = Debug|Any CPU
		{DC35A78C-C460-47A3-B860-3952F083814C}.Debug|Any CPU.Build.0 = Debug|Any CPU
		{DC35A78C-C460-47A3-B860-3952F083814C}.Release|Any CPU.ActiveCfg = Release|Any CPU
		{DC35A78C-C460-47A3-B860-3952F083814C}.Release|Any CPU.Build.0 = Release|Any CPU
		{27F5BE38-27D0-480F-8C12-D4C724C6CD1E}.Debug|Any CPU.ActiveCfg = Debug|Any CPU
		{27F5BE38-27D0-480F-8C12-D4C724C6CD1E}.Debug|Any CPU.Build.0 = Debug|Any CPU
		{27F5BE38-27D0-480F-8C12-D4C724C6CD1E}.Release|Any CPU.ActiveCfg = Release|Any CPU
		{27F5BE38-27D0-480F-8C12-D4C724C6CD1E}.Release|Any CPU.Build.0 = Release|Any CPU
		{90F7755D-922C-4D97-B102-D45B74709C02}.Debug|Any CPU.ActiveCfg = Debug|Any CPU
		{90F7755D-922C-4D97-B102-D45B74709C02}.Debug|Any CPU.Build.0 = Debug|Any CPU
		{90F7755D-922C-4D97-B102-D45B74709C02}.Release|Any CPU.ActiveCfg = Release|Any CPU
		{90F7755D-922C-4D97-B102-D45B74709C02}.Release|Any CPU.Build.0 = Release|Any CPU
	EndGlobalSection
EndGlobal
