
Microsoft Visual Studio Solution File, Format Version 12.00
# Visual Studio Version 17
VisualStudioVersion = 17.0.31903.59
MinimumVisualStudioVersion = 10.0.40219.1
Project("{2150E333-8FDC-42A3-9474-1A3956D46DE8}") = "src", "src", "{AC70D833-5365-4855-A5E2-07B9B3064197}"
EndProject
Project("{FAE04EC0-301F-11D3-BF4B-00C04F79EFBC}") = "BlogApp.Core", "src\BlogApp.Core\BlogApp.Core.csproj", "{14843801-F746-4865-98B7-705B74F1784A}"
EndProject
Project("{FAE04EC0-301F-11D3-BF4B-00C04F79EFBC}") = "BlogApp.Infrastructure", "src\BlogApp.Infrastructure\BlogApp.Infrastructure.csproj", "{0DF2E4CD-4E4C-4B2B-9008-579D97ABE94D}"
EndProject
Project("{FAE04EC0-301F-11D3-BF4B-00C04F79EFBC}") = "BlogApp.Prsentation", "src\BlogApp.Presentation\BlogApp.Prsentation.csproj", "{D3958478-E139-4780-B0E0-9D9A8DD9A738}"
EndProject
Global
	GlobalSection(SolutionConfigurationPlatforms) = preSolution
		Debug|Any CPU = Debug|Any CPU
		Release|Any CPU = Release|Any CPU
	EndGlobalSection
	GlobalSection(SolutionProperties) = preSolution
		HideSolutionNode = FALSE
	EndGlobalSection
	GlobalSection(ProjectConfigurationPlatforms) = postSolution
		{14843801-F746-4865-98B7-705B74F1784A}.Debug|Any CPU.ActiveCfg = Debug|Any CPU
		{14843801-F746-4865-98B7-705B74F1784A}.Debug|Any CPU.Build.0 = Debug|Any CPU
		{14843801-F746-4865-98B7-705B74F1784A}.Release|Any CPU.ActiveCfg = Release|Any CPU
		{14843801-F746-4865-98B7-705B74F1784A}.Release|Any CPU.Build.0 = Release|Any CPU
		{0DF2E4CD-4E4C-4B2B-9008-579D97ABE94D}.Debug|Any CPU.ActiveCfg = Debug|Any CPU
		{0DF2E4CD-4E4C-4B2B-9008-579D97ABE94D}.Debug|Any CPU.Build.0 = Debug|Any CPU
		{0DF2E4CD-4E4C-4B2B-9008-579D97ABE94D}.Release|Any CPU.ActiveCfg = Release|Any CPU
		{0DF2E4CD-4E4C-4B2B-9008-579D97ABE94D}.Release|Any CPU.Build.0 = Release|Any CPU
		{D3958478-E139-4780-B0E0-9D9A8DD9A738}.Debug|Any CPU.ActiveCfg = Debug|Any CPU
		{D3958478-E139-4780-B0E0-9D9A8DD9A738}.Debug|Any CPU.Build.0 = Debug|Any CPU
		{D3958478-E139-4780-B0E0-9D9A8DD9A738}.Release|Any CPU.ActiveCfg = Release|Any CPU
		{D3958478-E139-4780-B0E0-9D9A8DD9A738}.Release|Any CPU.Build.0 = Release|Any CPU
	EndGlobalSection
	GlobalSection(NestedProjects) = preSolution
		{14843801-F746-4865-98B7-705B74F1784A} = {AC70D833-5365-4855-A5E2-07B9B3064197}
		{0DF2E4CD-4E4C-4B2B-9008-579D97ABE94D} = {AC70D833-5365-4855-A5E2-07B9B3064197}
		{D3958478-E139-4780-B0E0-9D9A8DD9A738} = {AC70D833-5365-4855-A5E2-07B9B3064197}
	EndGlobalSection
EndGlobal
